{
    "_meta": {
        "hash": {
            "sha256": "5f58bc33b90714c8759bcf9d8d0be81c961e2991a0beea9eacd56ec489670b6f"
        },
        "pipfile-spec": 6,
        "requires": {
            "python_version": "3.6"
        },
        "sources": [
            {
                "url": "https://pypi.python.org/simple",
                "verify_ssl": true
            }
        ]
    },
    "default": {
        "alabaster": {
            "hashes": [
                "sha256:446438bdcca0e05bd45ea2de1668c1d9b032e1a9154c2c259092d77031ddd359",
                "sha256:a661d72d58e6ea8a57f7a86e37d86716863ee5e92788398526d58b26a4e4dc02"
            ],
            "version": "==0.7.12"
        },
        "argh": {
            "hashes": [
                "sha256:a9b3aaa1904eeb78e32394cd46c6f37ac0fb4af6dc488daa58971bdc7d7fcaf3",
                "sha256:e9535b8c84dc9571a48999094fda7f33e63c3f1b74f3e5f3ac0105a58405bb65"
            ],
            "version": "==0.26.2"
        },
        "babel": {
            "hashes": [],
            "version": "==2.11.0"
        },
        "certifi": {
            "hashes": [],
            "version": "==2022.12.7"
        },
        "chardet": {
            "hashes": [],
            "version": "==5.1.0"
        },
        "dj-database-url": {
            "hashes": [],
            "version": "==1.2.0"
        },
        "django": {
            "hashes": [],
            "version": "==4.1.4"
        },
        "django-heroku": {
            "hashes": [
                "sha256:2bc690aab89eedbe01311752320a9a12e7548e3b0ed102681acc5736a41a4762",
                "sha256:6af4bc3ae4a9b55eaad6dbe5164918982d2762661aebc9f83d9fa49f6009514e"
            ],
            "version": "==0.3.1"
        },
        "docutils": {
            "hashes": [],
            "version": "==0.19"
        },
        "gunicorn": {
            "hashes": [],
            "version": "==20.1.0"
        },
        "idna": {
            "hashes": [],
            "version": "==3.4"
        },
        "imagesize": {
            "hashes": [],
            "version": "==1.4.1"
        },
        "jinja2": {
            "hashes": [],
            "version": "==3.1.2"
        },
        "livereload": {
            "hashes": [],
            "version": "==2.6.3"
        },
        "markupsafe": {
            "hashes": [],
            "version": "==2.1.1"
        },
        "monzo-python": {
            "editable": true,
            "git": "git://github.com/samdobson/monzo-python.git",
            "ref": "833a2cfc577144c3d69bcfe444c0a4aa5d624bd6"
        },
        "packaging": {
            "hashes": [],
            "version": "==22.0"
        },
        "password-required": {
            "git": "git://github.com/mikl/django-password-required.git",
            "ref": "9470f1e0c2c0d7e2bc6a80979838e3ede7f5dc47"
        },
        "pathtools": {
            "hashes": [
                "sha256:7c35c5421a39bb82e58018febd90e3b6e5db34c5443aaaf742b3f33d4655f1c0"
            ],
            "version": "==0.1.2"
        },
        "port-for": {
            "hashes": [],
            "version": "==0.6.3"
        },
        "psycopg2": {
            "hashes": [],
            "version": "==2.9.5"
        },
        "pygments": {
            "hashes": [],
            "version": "==2.14.0"
        },
        "pyparsing": {
            "hashes": [],
            "version": "==3.0.9"
        },
        "python-dotenv": {
            "hashes": [],
            "version": "==0.21.0"
        },
        "pytz": {
            "hashes": [],
            "version": "==2022.7"
        },
        "pyyaml": {
            "hashes": [],
            "version": "==6.0"
        },
        "requests": {
            "hashes": [],
            "version": "==2.28.1"
        },
        "six": {
            "hashes": [],
            "version": "==1.16.0"
        },
        "snowballstemmer": {
            "hashes": [],
            "version": "==2.2.0"
        },
        "sphinx": {
            "hashes": [],
            "version": "==6.0.0"
        },
        "sphinx-autobuild": {
            "hashes": [],
            "version": "==2021.3.14"
        },
        "sphinx-rtd-theme": {
            "hashes": [],
            "version": "==1.1.1"
        },
        "sphinxcontrib-websupport": {
            "hashes": [],
            "version": "==1.2.4"
        },
        "tornado": {
            "hashes": [],
            "version": "==6.2"
        },
        "urllib3": {
            "hashes": [],
            "version": "==1.26.13"
        },
        "watchdog": {
            "hashes": [],
            "version": "==2.2.1"
        },
        "whitenoise": {
            "hashes": [
                "sha256:118ab3e5f815d380171b100b05b76de2a07612f422368a201a9ffdeefb2251c1",
                "sha256:42133ddd5229eeb6a0c9899496bdbe56c292394bf8666da77deeb27454c0456a"
            ],
            "version": "==4.1.2"
        }
    },
    "develop": {}
}
